
Microsoft Visual Studio Solution File, Format Version 12.00
# Visual Studio 2013
VisualStudioVersion = 12.0.30501.0
MinimumVisualStudioVersion = 10.0.40219.1
Project("{FAE04EC0-301F-11D3-BF4B-00C04F79EFBC}") = "CER.Azure", "src\Azure\CER.Azure.csproj", "{4572BB5B-0922-4BC5-A9D7-457FFB1E483B}"
EndProject
Project("{FAE04EC0-301F-11D3-BF4B-00C04F79EFBC}") = "CER.Executable", "src\Executable\CER.Executable.csproj", "{EF28EBC3-EDF1-4C76-8E28-81AE1E020F5C}"
EndProject
Project("{FAE04EC0-301F-11D3-BF4B-00C04F79EFBC}") = "CER.Rpg", "src\Rpg\CER.Rpg.csproj", "{AC67FABD-5BF6-4253-8E03-A3E63B6626E5}"
EndProject
Project("{FAE04EC0-301F-11D3-BF4B-00C04F79EFBC}") = "CER.Rpg.Bot", "src\Rpg.Bot\CER.Rpg.Bot.csproj", "{D039F110-089A-46B4-AE47-65472C3140C8}"
EndProject
Project("{FAE04EC0-301F-11D3-BF4B-00C04F79EFBC}") = "CER.Runtime.Serialization", "src\Runtime.Serialization\CER.Runtime.Serialization.csproj", "{2DC86DFB-CF9A-4368-8F4C-1B2C65276FBF}"
EndProject
Project("{FAE04EC0-301F-11D3-BF4B-00C04F79EFBC}") = "CER.Test", "src\Test\CER.Test.csproj", "{280BB794-9039-407E-A8FB-98522C3A0065}"
EndProject
Project("{FAE04EC0-301F-11D3-BF4B-00C04F79EFBC}") = "CER.Text", "src\Text\CER.Text.csproj", "{8404E936-1566-4666-B90F-EEADA25C4E87}"
EndProject
Project("{FAE04EC0-301F-11D3-BF4B-00C04F79EFBC}") = "CER.Mu", "src\Mu\CER.Mu.csproj", "{68AB6F0E-3B05-4B9B-B2EB-2AFD9A71A9F2}"
EndProject
Project("{FAE04EC0-301F-11D3-BF4B-00C04F79EFBC}") = "CER.Rpg.Prompt", "src\Rpg.Prompt\CER.Rpg.Prompt.csproj", "{6329F608-AA97-4912-97F4-EF01217ADC7C}"
EndProject
Project("{FAE04EC0-301F-11D3-BF4B-00C04F79EFBC}") = "CER.Roslyn", "src\Roslyn\CER.Roslyn.csproj", "{7A5DFEA1-69B5-48DB-AA16-44357BB94BC7}"
EndProject
Project("{FAE04EC0-301F-11D3-BF4B-00C04F79EFBC}") = "CER.JudeaPearl", "src\JudeaPearl\CER.JudeaPearl.csproj", "{21E6857B-F70B-43B3-AE55-651753B4A26B}"
EndProject
Project("{FAE04EC0-301F-11D3-BF4B-00C04F79EFBC}") = "CER.Graphs", "src\Graphs\CER.Graphs.csproj", "{D648ED86-53BE-4E5D-9BE9-EA4318E58755}"
EndProject
Project("{FAE04EC0-301F-11D3-BF4B-00C04F79EFBC}") = "CER.Foundry", "src\Foundry\CER.Foundry.csproj", "{6F2E8EA2-7006-498D-B2D3-52E55E2750DF}"
EndProject
Project("{FAE04EC0-301F-11D3-BF4B-00C04F79EFBC}") = "CER.RoutedUICommands", "src\RoutedUICommands\CER.RoutedUICommands.csproj", "{404BC0F9-C2A2-45FA-871A-16ABEC95E366}"
EndProject
Project("{FAE04EC0-301F-11D3-BF4B-00C04F79EFBC}") = "CER.EntityFramework", "src\EntityFramework\CER.EntityFramework.csproj", "{CDF41080-F827-41F3-BF20-3BCEEBF9E22C}"
EndProject
Global
	GlobalSection(SolutionConfigurationPlatforms) = preSolution
		Debug|Any CPU = Debug|Any CPU
		Release|Any CPU = Release|Any CPU
	EndGlobalSection
	GlobalSection(ProjectConfigurationPlatforms) = postSolution
		{4572BB5B-0922-4BC5-A9D7-457FFB1E483B}.Debug|Any CPU.ActiveCfg = Debug|Any CPU
		{4572BB5B-0922-4BC5-A9D7-457FFB1E483B}.Debug|Any CPU.Build.0 = Debug|Any CPU
		{4572BB5B-0922-4BC5-A9D7-457FFB1E483B}.Release|Any CPU.ActiveCfg = Release|Any CPU
		{4572BB5B-0922-4BC5-A9D7-457FFB1E483B}.Release|Any CPU.Build.0 = Release|Any CPU
		{EF28EBC3-EDF1-4C76-8E28-81AE1E020F5C}.Debug|Any CPU.ActiveCfg = Debug|Any CPU
		{EF28EBC3-EDF1-4C76-8E28-81AE1E020F5C}.Debug|Any CPU.Build.0 = Debug|Any CPU
		{EF28EBC3-EDF1-4C76-8E28-81AE1E020F5C}.Release|Any CPU.ActiveCfg = Release|Any CPU
		{EF28EBC3-EDF1-4C76-8E28-81AE1E020F5C}.Release|Any CPU.Build.0 = Release|Any CPU
		{AC67FABD-5BF6-4253-8E03-A3E63B6626E5}.Debug|Any CPU.ActiveCfg = Debug|Any CPU
		{AC67FABD-5BF6-4253-8E03-A3E63B6626E5}.Debug|Any CPU.Build.0 = Debug|Any CPU
		{AC67FABD-5BF6-4253-8E03-A3E63B6626E5}.Release|Any CPU.ActiveCfg = Release|Any CPU
		{AC67FABD-5BF6-4253-8E03-A3E63B6626E5}.Release|Any CPU.Build.0 = Release|Any CPU
		{D039F110-089A-46B4-AE47-65472C3140C8}.Debug|Any CPU.ActiveCfg = Debug|Any CPU
		{D039F110-089A-46B4-AE47-65472C3140C8}.Debug|Any CPU.Build.0 = Debug|Any CPU
		{D039F110-089A-46B4-AE47-65472C3140C8}.Release|Any CPU.ActiveCfg = Release|Any CPU
		{D039F110-089A-46B4-AE47-65472C3140C8}.Release|Any CPU.Build.0 = Release|Any CPU
		{2DC86DFB-CF9A-4368-8F4C-1B2C65276FBF}.Debug|Any CPU.ActiveCfg = Debug|Any CPU
		{2DC86DFB-CF9A-4368-8F4C-1B2C65276FBF}.Debug|Any CPU.Build.0 = Debug|Any CPU
		{2DC86DFB-CF9A-4368-8F4C-1B2C65276FBF}.Release|Any CPU.ActiveCfg = Release|Any CPU
		{2DC86DFB-CF9A-4368-8F4C-1B2C65276FBF}.Release|Any CPU.Build.0 = Release|Any CPU
		{280BB794-9039-407E-A8FB-98522C3A0065}.Debug|Any CPU.ActiveCfg = Debug|Any CPU
		{280BB794-9039-407E-A8FB-98522C3A0065}.Debug|Any CPU.Build.0 = Debug|Any CPU
		{280BB794-9039-407E-A8FB-98522C3A0065}.Release|Any CPU.ActiveCfg = Release|Any CPU
		{280BB794-9039-407E-A8FB-98522C3A0065}.Release|Any CPU.Build.0 = Release|Any CPU
		{8404E936-1566-4666-B90F-EEADA25C4E87}.Debug|Any CPU.ActiveCfg = Debug|Any CPU
		{8404E936-1566-4666-B90F-EEADA25C4E87}.Debug|Any CPU.Build.0 = Debug|Any CPU
		{8404E936-1566-4666-B90F-EEADA25C4E87}.Release|Any CPU.ActiveCfg = Release|Any CPU
		{8404E936-1566-4666-B90F-EEADA25C4E87}.Release|Any CPU.Build.0 = Release|Any CPU
		{68AB6F0E-3B05-4B9B-B2EB-2AFD9A71A9F2}.Debug|Any CPU.ActiveCfg = Debug|Any CPU
		{68AB6F0E-3B05-4B9B-B2EB-2AFD9A71A9F2}.Debug|Any CPU.Build.0 = Debug|Any CPU
		{68AB6F0E-3B05-4B9B-B2EB-2AFD9A71A9F2}.Release|Any CPU.ActiveCfg = Release|Any CPU
		{68AB6F0E-3B05-4B9B-B2EB-2AFD9A71A9F2}.Release|Any CPU.Build.0 = Release|Any CPU
		{6329F608-AA97-4912-97F4-EF01217ADC7C}.Debug|Any CPU.ActiveCfg = Debug|Any CPU
		{6329F608-AA97-4912-97F4-EF01217ADC7C}.Debug|Any CPU.Build.0 = Debug|Any CPU
		{6329F608-AA97-4912-97F4-EF01217ADC7C}.Release|Any CPU.ActiveCfg = Release|Any CPU
		{6329F608-AA97-4912-97F4-EF01217ADC7C}.Release|Any CPU.Build.0 = Release|Any CPU
		{7A5DFEA1-69B5-48DB-AA16-44357BB94BC7}.Debug|Any CPU.ActiveCfg = Debug|Any CPU
		{7A5DFEA1-69B5-48DB-AA16-44357BB94BC7}.Debug|Any CPU.Build.0 = Debug|Any CPU
		{7A5DFEA1-69B5-48DB-AA16-44357BB94BC7}.Release|Any CPU.ActiveCfg = Release|Any CPU
		{7A5DFEA1-69B5-48DB-AA16-44357BB94BC7}.Release|Any CPU.Build.0 = Release|Any CPU
		{21E6857B-F70B-43B3-AE55-651753B4A26B}.Debug|Any CPU.ActiveCfg = Debug|Any CPU
		{21E6857B-F70B-43B3-AE55-651753B4A26B}.Debug|Any CPU.Build.0 = Debug|Any CPU
		{21E6857B-F70B-43B3-AE55-651753B4A26B}.Release|Any CPU.ActiveCfg = Release|Any CPU
		{21E6857B-F70B-43B3-AE55-651753B4A26B}.Release|Any CPU.Build.0 = Release|Any CPU
		{D648ED86-53BE-4E5D-9BE9-EA4318E58755}.Debug|Any CPU.ActiveCfg = Debug|Any CPU
		{D648ED86-53BE-4E5D-9BE9-EA4318E58755}.Debug|Any CPU.Build.0 = Debug|Any CPU
		{D648ED86-53BE-4E5D-9BE9-EA4318E58755}.Release|Any CPU.ActiveCfg = Release|Any CPU
		{D648ED86-53BE-4E5D-9BE9-EA4318E58755}.Release|Any CPU.Build.0 = Release|Any CPU
		{6F2E8EA2-7006-498D-B2D3-52E55E2750DF}.Debug|Any CPU.ActiveCfg = Debug|Any CPU
		{6F2E8EA2-7006-498D-B2D3-52E55E2750DF}.Debug|Any CPU.Build.0 = Debug|Any CPU
		{6F2E8EA2-7006-498D-B2D3-52E55E2750DF}.Release|Any CPU.ActiveCfg = Release|Any CPU
		{6F2E8EA2-7006-498D-B2D3-52E55E2750DF}.Release|Any CPU.Build.0 = Release|Any CPU
		{404BC0F9-C2A2-45FA-871A-16ABEC95E366}.Debug|Any CPU.ActiveCfg = Debug|Any CPU
		{404BC0F9-C2A2-45FA-871A-16ABEC95E366}.Debug|Any CPU.Build.0 = Debug|Any CPU
		{404BC0F9-C2A2-45FA-871A-16ABEC95E366}.Release|Any CPU.ActiveCfg = Release|Any CPU
		{404BC0F9-C2A2-45FA-871A-16ABEC95E366}.Release|Any CPU.Build.0 = Release|Any CPU
		{CDF41080-F827-41F3-BF20-3BCEEBF9E22C}.Debug|Any CPU.ActiveCfg = Debug|Any CPU
		{CDF41080-F827-41F3-BF20-3BCEEBF9E22C}.Debug|Any CPU.Build.0 = Debug|Any CPU
		{CDF41080-F827-41F3-BF20-3BCEEBF9E22C}.Release|Any CPU.ActiveCfg = Release|Any CPU
		{CDF41080-F827-41F3-BF20-3BCEEBF9E22C}.Release|Any CPU.Build.0 = Release|Any CPU
	EndGlobalSection
	GlobalSection(SolutionProperties) = preSolution
		HideSolutionNode = FALSE
	EndGlobalSection
EndGlobal
